
Microsoft Visual Studio Solution File, Format Version 12.00
# Visual Studio Version 16
VisualStudioVersion = 16.0.30907.101
MinimumVisualStudioVersion = 10.0.40219.1
Project("{FAE04EC0-301F-11D3-BF4B-00C04F79EFBC}") = "projetYosra", "projetYosra\projetYosra.csproj", "{7FE4619F-1658-4BD1-8C21-B5DEE4C7C8EE}"
EndProject
Global
	GlobalSection(SolutionConfigurationPlatforms) = preSolution
		Debug|Any CPU = Debug|Any CPU
		Release|Any CPU = Release|Any CPU
	EndGlobalSection
	GlobalSection(ProjectConfigurationPlatforms) = postSolution
		{7FE4619F-1658-4BD1-8C21-B5DEE4C7C8EE}.Debug|Any CPU.ActiveCfg = Debug|Any CPU
		{7FE4619F-1658-4BD1-8C21-B5DEE4C7C8EE}.Debug|Any CPU.Build.0 = Debug|Any CPU
		{7FE4619F-1658-4BD1-8C21-B5DEE4C7C8EE}.Release|Any CPU.ActiveCfg = Release|Any CPU
		{7FE4619F-1658-4BD1-8C21-B5DEE4C7C8EE}.Release|Any CPU.Build.0 = Release|Any CPU
	EndGlobalSection
	GlobalSection(SolutionProperties) = preSolution
		HideSolutionNode = FALSE
	EndGlobalSection
	GlobalSection(ExtensibilityGlobals) = postSolution
		SolutionGuid = {42B9D9CC-F342-433B-B3F9-CD633D8EF993}
	EndGlobalSection
EndGlobal
